### THIS IS AN AUTOGENERATED FILE. DO NOT EDIT THIS FILE DIRECTLY.
### yarn lockfile v1


"@next/swc-wasm-nodejs@13.5.1":
  version "13.5.1"
  resolved "https://registry.yarnpkg.com/@next/swc-wasm-nodejs/-/swc-wasm-nodejs-13.5.1.tgz"
  integrity sha512-d2qS6+8AxFYhqJsHjKYoKlNqEhHUzpbOJ8mCZqh1y8qP7KvnWzGp8+HunEWP+BJ9a5GrPp8Kj4tgz6QWWx2+g==
